
Microsoft Visual Studio Solution File, Format Version 12.00
# Visual Studio 14
VisualStudioVersion = 14.0.25420.1
MinimumVisualStudioVersion = 10.0.40219.1
Project("{FAE04EC0-301F-11D3-BF4B-00C04F79EFBC}") = "Models", "Models\Models.csproj", "{08006E5F-136C-4F6C-8EB3-81E346B8E7A3}"
EndProject
Project("{FAE04EC0-301F-11D3-BF4B-00C04F79EFBC}") = "BusinessLogic", "BusinessLogic\BusinessLogic.csproj", "{C0D1E709-8F5B-46CB-A221-9354D95F0828}"
EndProject
Project("{FAE04EC0-301F-11D3-BF4B-00C04F79EFBC}") = "LogMedi", "LogMedi\LogMedi.csproj", "{ECAEADBF-B217-4613-A99B-AC26A009CC2D}"
EndProject
Global
	GlobalSection(SolutionConfigurationPlatforms) = preSolution
		Debug|Any CPU = Debug|Any CPU
		Release|Any CPU = Release|Any CPU
	EndGlobalSection
	GlobalSection(ProjectConfigurationPlatforms) = postSolution
		{08006E5F-136C-4F6C-8EB3-81E346B8E7A3}.Debug|Any CPU.ActiveCfg = Debug|Any CPU
		{08006E5F-136C-4F6C-8EB3-81E346B8E7A3}.Debug|Any CPU.Build.0 = Debug|Any CPU
		{08006E5F-136C-4F6C-8EB3-81E346B8E7A3}.Release|Any CPU.ActiveCfg = Release|Any CPU
		{08006E5F-136C-4F6C-8EB3-81E346B8E7A3}.Release|Any CPU.Build.0 = Release|Any CPU
		{C0D1E709-8F5B-46CB-A221-9354D95F0828}.Debug|Any CPU.ActiveCfg = Debug|Any CPU
		{C0D1E709-8F5B-46CB-A221-9354D95F0828}.Debug|Any CPU.Build.0 = Debug|Any CPU
		{C0D1E709-8F5B-46CB-A221-9354D95F0828}.Release|Any CPU.ActiveCfg = Release|Any CPU
		{C0D1E709-8F5B-46CB-A221-9354D95F0828}.Release|Any CPU.Build.0 = Release|Any CPU
		{ECAEADBF-B217-4613-A99B-AC26A009CC2D}.Debug|Any CPU.ActiveCfg = Debug|Any CPU
		{ECAEADBF-B217-4613-A99B-AC26A009CC2D}.Debug|Any CPU.Build.0 = Debug|Any CPU
		{ECAEADBF-B217-4613-A99B-AC26A009CC2D}.Release|Any CPU.ActiveCfg = Release|Any CPU
		{ECAEADBF-B217-4613-A99B-AC26A009CC2D}.Release|Any CPU.Build.0 = Release|Any CPU
	EndGlobalSection
	GlobalSection(SolutionProperties) = preSolution
		HideSolutionNode = FALSE
	EndGlobalSection
EndGlobal
